{
  "version": 4,
  "terraform_version": "1.3.3",
  "serial": 159,
  "lineage": "f1c751a9-d6c2-a9e2-229b-8a291206dc29",
  "outputs": {},
  "resources": [
    {
      "module": "module.static_site",
      "mode": "data",
      "type": "aws_iam_policy_document",
      "name": "bucket_policy",
      "provider": "provider[\"registry.terraform.io/hashicorp/aws\"]",
      "instances": [
        {
          "schema_version": 0,
          "attributes": {
            "id": "1191065293",
            "json": "{\n  \"Version\": \"2008-10-17\",\n  \"Id\": \"PolicyForCloudFrontPrivateContent\",\n  \"Statement\": [\n    {\n      \"Sid\": \"\",\n      \"Effect\": \"Allow\",\n      \"Action\": \"s3:ListBucket\",\n      \"Resource\": \"arn:aws:s3:::jsuarezb.tpfinal.g1.cloud.itba.edu.ar\",\n      \"Principal\": {\n        \"AWS\": \"arn:aws:iam::139927629559:role/LabRole\"\n      }\n    },\n    {\n      \"Sid\": \"AllowCloudFrontServicePrincipal\",\n      \"Effect\": \"Allow\",\n      \"Action\": \"s3:GetObject\",\n      \"Resource\": \"arn:aws:s3:::jsuarezb.tpfinal.g1.cloud.itba.edu.ar/*\",\n      \"Principal\": {\n        \"Service\": \"cloudfront.amazonaws.com\"\n      },\n      \"Condition\": {\n        \"StringEquals\": {\n          \"AWS:SourceArn\": \"arn:aws:cloudfront::139927629559:distribution/E1B7STWMFBU29P\"\n        }\n      }\n    }\n  ]\n}",
            "override_json": null,
            "override_policy_documents": null,
            "policy_id": "PolicyForCloudFrontPrivateContent",
            "source_json": null,
            "source_policy_documents": null,
            "statement": [
              {
                "actions": [
                  "s3:ListBucket"
                ],
                "condition": [],
                "effect": "Allow",
                "not_actions": [],
                "not_principals": [],
                "not_resources": [],
                "principals": [
                  {
                    "identifiers": [
                      "arn:aws:iam::139927629559:role/LabRole"
                    ],
                    "type": "AWS"
                  }
                ],
                "resources": [
                  "arn:aws:s3:::jsuarezb.tpfinal.g1.cloud.itba.edu.ar"
                ],
                "sid": ""
              },
              {
                "actions": [
                  "s3:GetObject"
                ],
                "condition": [
                  {
                    "test": "StringEquals",
                    "values": [
                      "arn:aws:cloudfront::139927629559:distribution/E1B7STWMFBU29P"
                    ],
                    "variable": "AWS:SourceArn"
                  }
                ],
                "effect": "Allow",
                "not_actions": [],
                "not_principals": [],
                "not_resources": [],
                "principals": [
                  {
                    "identifiers": [
                      "cloudfront.amazonaws.com"
                    ],
                    "type": "Service"
                  }
                ],
                "resources": [
                  "arn:aws:s3:::jsuarezb.tpfinal.g1.cloud.itba.edu.ar/*"
                ],
                "sid": "AllowCloudFrontServicePrincipal"
              }
            ],
            "version": "2008-10-17"
          },
          "sensitive_attributes": []
        }
      ]
    },
    {
      "module": "module.static_site",
      "mode": "managed",
      "type": "aws_cloudfront_origin_access_control",
      "name": "static_website",
      "provider": "provider[\"registry.terraform.io/hashicorp/aws\"]",
      "instances": [
        {
          "schema_version": 0,
          "attributes": {
            "description": "OAC policy for accessing S3 static website",
            "etag": "ETVPDKIKX0DER",
            "id": "E1MP0WHQNKFT5A",
            "name": "static_website",
            "origin_access_control_origin_type": "s3",
            "signing_behavior": "always",
            "signing_protocol": "sigv4"
          },
          "sensitive_attributes": [],
          "private": "bnVsbA=="
        }
      ]
    },
    {
      "module": "module.static_site",
      "mode": "managed",
      "type": "aws_s3_bucket_policy",
      "name": "allow_cloudfront_access",
      "provider": "provider[\"registry.terraform.io/hashicorp/aws\"]",
      "instances": [
        {
          "schema_version": 0,
          "attributes": {
            "bucket": "jsuarezb.tpfinal.g1.cloud.itba.edu.ar",
            "id": "jsuarezb.tpfinal.g1.cloud.itba.edu.ar",
            "policy": "{\"Id\":\"PolicyForCloudFrontPrivateContent\",\"Statement\":[{\"Action\":\"s3:ListBucket\",\"Effect\":\"Allow\",\"Principal\":{\"AWS\":\"arn:aws:iam::139927629559:role/LabRole\"},\"Resource\":\"arn:aws:s3:::jsuarezb.tpfinal.g1.cloud.itba.edu.ar\",\"Sid\":\"\"},{\"Action\":\"s3:GetObject\",\"Condition\":{\"StringEquals\":{\"AWS:SourceArn\":\"arn:aws:cloudfront::139927629559:distribution/E1B7STWMFBU29P\"}},\"Effect\":\"Allow\",\"Principal\":{\"Service\":\"cloudfront.amazonaws.com\"},\"Resource\":\"arn:aws:s3:::jsuarezb.tpfinal.g1.cloud.itba.edu.ar/*\",\"Sid\":\"AllowCloudFrontServicePrincipal\"}],\"Version\":\"2008-10-17\"}"
          },
          "sensitive_attributes": [],
          "private": "bnVsbA==",
          "dependencies": [
            "module.static_site.data.aws_iam_policy_document.bucket_policy",
            "module.static_site.module.static_website_bucket.aws_s3_bucket.this",
            "module.static_site.module.static_website_bucket.aws_s3_bucket_policy.this"
          ]
        }
      ]
    },
    {
      "module": "module.static_site",
      "mode": "managed",
      "type": "aws_s3_object",
      "name": "index",
      "provider": "provider[\"registry.terraform.io/hashicorp/aws\"]",
      "instances": [
        {
          "schema_version": 0,
          "attributes": {
            "acl": "private",
            "bucket": "jsuarezb.tpfinal.g1.cloud.itba.edu.ar",
            "bucket_key_enabled": false,
            "cache_control": "",
            "content": null,
            "content_base64": null,
            "content_disposition": "",
            "content_encoding": "",
            "content_language": "",
            "content_type": "text/html",
            "etag": "81d556d6987780781083e83886ff84aa",
            "force_destroy": false,
            "id": "index.html",
            "key": "index.html",
            "kms_key_id": null,
            "metadata": {},
            "object_lock_legal_hold_status": "",
            "object_lock_mode": "",
            "object_lock_retain_until_date": "",
            "server_side_encryption": "AES256",
            "source": "src/static/index.html",
            "source_hash": null,
            "storage_class": "STANDARD",
            "tags": {},
            "tags_all": {
              "author": "Grupo 1",
              "created-by": "terraform",
              "subject": "Cloud Computing",
              "university": "ITBA",
              "version": "1"
            },
            "version_id": "LcSaAd8kuxrrwrONThyVkrOzhBCYVfMI",
            "website_redirect": ""
          },
          "sensitive_attributes": [],
          "private": "bnVsbA==",
          "dependencies": [
            "module.static_site.module.static_website_bucket.aws_s3_bucket.this",
            "module.static_site.module.static_website_bucket.aws_s3_bucket_policy.this"
          ]
        }
      ]
    },
    {
      "module": "module.static_site.module.cdn",
      "mode": "managed",
      "type": "aws_cloudfront_distribution",
      "name": "this",
      "provider": "provider[\"registry.terraform.io/hashicorp/aws\"]",
      "instances": [
        {
          "index_key": 0,
          "schema_version": 1,
          "attributes": {
            "aliases": [],
            "arn": "arn:aws:cloudfront::139927629559:distribution/E1B7STWMFBU29P",
            "caller_reference": "terraform-20230207234141604700000001",
            "comment": "CDN to support app",
            "custom_error_response": [
              {
                "error_caching_min_ttl": 0,
                "error_code": 403,
                "response_code": 200,
                "response_page_path": "/index.html"
              },
              {
                "error_caching_min_ttl": 0,
                "error_code": 404,
                "response_code": 200,
                "response_page_path": "/index.html"
              }
            ],
            "default_cache_behavior": [
              {
                "allowed_methods": [
                  "GET",
                  "HEAD",
                  "OPTIONS"
                ],
                "cache_policy_id": "",
                "cached_methods": [
                  "GET",
                  "HEAD"
                ],
                "compress": true,
                "default_ttl": 0,
                "field_level_encryption_id": "",
                "forwarded_values": [
                  {
                    "cookies": [
                      {
                        "forward": "none",
                        "whitelisted_names": []
                      }
                    ],
                    "headers": [],
                    "query_string": true,
                    "query_string_cache_keys": []
                  }
                ],
                "function_association": [],
                "lambda_function_association": [],
                "max_ttl": 0,
                "min_ttl": 0,
                "origin_request_policy_id": "",
                "realtime_log_config_arn": "",
                "response_headers_policy_id": "",
                "smooth_streaming": false,
                "target_origin_id": "static_website",
                "trusted_key_groups": [],
                "trusted_signers": [],
                "viewer_protocol_policy": "allow-all"
              }
            ],
            "default_root_object": "",
            "domain_name": "d2bikokl5uw595.cloudfront.net",
            "enabled": true,
            "etag": "E2MKXSK3JPOH64",
            "hosted_zone_id": "Z2FDTNDATAQYW2",
            "http_version": "http2",
            "id": "E1B7STWMFBU29P",
            "in_progress_validation_batches": 0,
            "is_ipv6_enabled": false,
            "last_modified_time": "2023-02-07 23:41:36.931 +0000 UTC",
            "logging_config": [],
            "ordered_cache_behavior": [
              {
                "allowed_methods": [
                  "GET",
                  "HEAD",
                  "OPTIONS"
                ],
                "cache_policy_id": "",
                "cached_methods": [
                  "GET",
                  "HEAD"
                ],
                "compress": true,
                "default_ttl": 0,
                "field_level_encryption_id": "",
                "forwarded_values": [
                  {
                    "cookies": [
                      {
                        "forward": "none",
                        "whitelisted_names": []
                      }
                    ],
                    "headers": [],
                    "query_string": true,
                    "query_string_cache_keys": []
                  }
                ],
                "function_association": [],
                "lambda_function_association": [],
                "max_ttl": 0,
                "min_ttl": 0,
                "origin_request_policy_id": "",
                "path_pattern": "*",
                "realtime_log_config_arn": "",
                "response_headers_policy_id": "",
                "smooth_streaming": false,
                "target_origin_id": "static_website",
                "trusted_key_groups": [],
                "trusted_signers": [],
                "viewer_protocol_policy": "allow-all"
              }
            ],
            "origin": [
              {
                "connection_attempts": 3,
                "connection_timeout": 10,
                "custom_header": [],
                "custom_origin_config": [],
                "domain_name": "jsuarezb.tpfinal.g1.cloud.itba.edu.ar.s3.amazonaws.com",
                "origin_access_control_id": "E1MP0WHQNKFT5A",
                "origin_id": "static_website",
                "origin_path": "",
                "origin_shield": [],
                "s3_origin_config": []
              }
            ],
            "origin_group": [],
            "price_class": "PriceClass_All",
            "restrictions": [
              {
                "geo_restriction": [
                  {
                    "locations": [],
                    "restriction_type": "none"
                  }
                ]
              }
            ],
            "retain_on_delete": false,
            "status": "Deployed",
            "tags": {},
            "tags_all": {
              "author": "Grupo 1",
              "created-by": "terraform",
              "subject": "Cloud Computing",
              "university": "ITBA",
              "version": "1"
            },
            "trusted_key_groups": [
              {
                "enabled": false,
                "items": []
              }
            ],
            "trusted_signers": [
              {
                "enabled": false,
                "items": []
              }
            ],
            "viewer_certificate": [
              {
                "acm_certificate_arn": "",
                "cloudfront_default_certificate": true,
                "iam_certificate_id": "",
                "minimum_protocol_version": "TLSv1",
                "ssl_support_method": ""
              }
            ],
            "wait_for_deployment": true,
            "web_acl_id": ""
          },
          "sensitive_attributes": [],
          "private": "eyJzY2hlbWFfdmVyc2lvbiI6IjEifQ==",
          "dependencies": [
            "module.static_site.aws_cloudfront_origin_access_control.static_website",
            "module.static_site.module.cdn.aws_cloudfront_origin_access_control.this",
            "module.static_site.module.cdn.aws_cloudfront_origin_access_identity.this",
            "module.static_site.module.static_website_bucket.aws_s3_bucket.this"
          ]
        }
      ]
    },
    {
      "module": "module.static_site.module.static_website_bucket",
      "mode": "data",
      "type": "aws_caller_identity",
      "name": "current",
      "provider": "provider[\"registry.terraform.io/hashicorp/aws\"]",
      "instances": [
        {
          "schema_version": 0,
          "attributes": {
            "account_id": "139927629559",
            "arn": "arn:aws:sts::139927629559:assumed-role/voclabs/user2075466=Santiago_Reyes",
            "id": "139927629559",
            "user_id": "AROASBFCWF33WP6RH5ZH7:user2075466=Santiago_Reyes"
          },
          "sensitive_attributes": []
        }
      ]
    },
    {
      "module": "module.static_site.module.static_website_bucket",
      "mode": "data",
      "type": "aws_canonical_user_id",
      "name": "this",
      "provider": "provider[\"registry.terraform.io/hashicorp/aws\"]",
      "instances": [
        {
          "schema_version": 0,
          "attributes": {
            "display_name": "awslabsc0w5087342t1671876844",
            "id": "724e96f0067dc37397c8da98c01f444ee42838a14ba81c623076efa80e981f84"
          },
          "sensitive_attributes": []
        }
      ]
    },
    {
      "module": "module.static_site.module.static_website_bucket",
      "mode": "managed",
      "type": "aws_s3_bucket",
      "name": "this",
      "provider": "provider[\"registry.terraform.io/hashicorp/aws\"]",
      "instances": [
        {
          "index_key": 0,
          "schema_version": 0,
          "attributes": {
            "acceleration_status": "",
            "acl": null,
            "arn": "arn:aws:s3:::jsuarezb.tpfinal.g1.cloud.itba.edu.ar",
            "bucket": "jsuarezb.tpfinal.g1.cloud.itba.edu.ar",
            "bucket_domain_name": "jsuarezb.tpfinal.g1.cloud.itba.edu.ar.s3.amazonaws.com",
            "bucket_prefix": null,
            "bucket_regional_domain_name": "jsuarezb.tpfinal.g1.cloud.itba.edu.ar.s3.amazonaws.com",
            "cors_rule": [],
            "force_destroy": true,
            "grant": [
              {
                "id": "724e96f0067dc37397c8da98c01f444ee42838a14ba81c623076efa80e981f84",
                "permissions": [
                  "FULL_CONTROL"
                ],
                "type": "CanonicalUser",
                "uri": ""
              }
            ],
            "hosted_zone_id": "Z3AQBSTGFYJSTF",
            "id": "jsuarezb.tpfinal.g1.cloud.itba.edu.ar",
            "lifecycle_rule": [],
            "logging": [],
            "object_lock_configuration": [],
            "object_lock_enabled": false,
            "policy": "",
            "region": "us-east-1",
            "replication_configuration": [],
            "request_payer": "BucketOwner",
            "server_side_encryption_configuration": [
              {
                "rule": [
                  {
                    "apply_server_side_encryption_by_default": [
                      {
                        "kms_master_key_id": "",
                        "sse_algorithm": "AES256"
                      }
                    ],
                    "bucket_key_enabled": false
                  }
                ]
              }
            ],
            "tags": {},
            "tags_all": {
              "author": "Grupo 1",
              "created-by": "terraform",
              "subject": "Cloud Computing",
              "university": "ITBA",
              "version": "1"
            },
            "timeouts": null,
            "versioning": [
              {
                "enabled": true,
                "mfa_delete": false
              }
            ],
            "website": [
              {
                "error_document": "index.html",
                "index_document": "index.html",
                "redirect_all_requests_to": "",
                "routing_rules": ""
              }
            ],
            "website_domain": "s3-website-us-east-1.amazonaws.com",
            "website_endpoint": "jsuarezb.tpfinal.g1.cloud.itba.edu.ar.s3-website-us-east-1.amazonaws.com"
          },
          "sensitive_attributes": [],
          "private": "eyJlMmJmYjczMC1lY2FhLTExZTYtOGY4OC0zNDM2M2JjN2M0YzAiOnsiY3JlYXRlIjoxMjAwMDAwMDAwMDAwLCJkZWxldGUiOjM2MDAwMDAwMDAwMDAsInJlYWQiOjEyMDAwMDAwMDAwMDAsInVwZGF0ZSI6MTIwMDAwMDAwMDAwMH19"
        }
      ]
    },
    {
      "module": "module.static_site.module.static_website_bucket",
      "mode": "managed",
      "type": "aws_s3_bucket_acl",
      "name": "this",
      "provider": "provider[\"registry.terraform.io/hashicorp/aws\"]",
      "instances": [
        {
          "index_key": 0,
          "schema_version": 0,
          "attributes": {
            "access_control_policy": [
              {
                "grant": [
                  {
                    "grantee": [
                      {
                        "display_name": "awslabsc0w5087342t1671876844",
                        "email_address": "",
                        "id": "724e96f0067dc37397c8da98c01f444ee42838a14ba81c623076efa80e981f84",
                        "type": "CanonicalUser",
                        "uri": ""
                      }
                    ],
                    "permission": "FULL_CONTROL"
                  }
                ],
                "owner": [
                  {
                    "display_name": "awslabsc0w5087342t1671876844",
                    "id": "724e96f0067dc37397c8da98c01f444ee42838a14ba81c623076efa80e981f84"
                  }
                ]
              }
            ],
            "acl": "private",
            "bucket": "jsuarezb.tpfinal.g1.cloud.itba.edu.ar",
            "expected_bucket_owner": "",
            "id": "jsuarezb.tpfinal.g1.cloud.itba.edu.ar,private"
          },
          "sensitive_attributes": [],
          "private": "bnVsbA==",
          "dependencies": [
            "module.static_site.module.static_website_bucket.aws_s3_bucket.this",
            "module.static_site.module.static_website_bucket.data.aws_canonical_user_id.this"
          ]
        }
      ]
    },
    {
      "module": "module.static_site.module.static_website_bucket",
      "mode": "managed",
      "type": "aws_s3_bucket_public_access_block",
      "name": "this",
      "provider": "provider[\"registry.terraform.io/hashicorp/aws\"]",
      "instances": [
        {
          "index_key": 0,
          "schema_version": 0,
          "attributes": {
            "block_public_acls": true,
            "block_public_policy": true,
            "bucket": "jsuarezb.tpfinal.g1.cloud.itba.edu.ar",
            "id": "jsuarezb.tpfinal.g1.cloud.itba.edu.ar",
            "ignore_public_acls": true,
            "restrict_public_buckets": true
          },
          "sensitive_attributes": [],
          "private": "bnVsbA==",
          "dependencies": [
            "module.static_site.module.static_website_bucket.aws_s3_bucket.this",
            "module.static_site.module.static_website_bucket.aws_s3_bucket_policy.this"
          ]
        }
      ]
    },
    {
      "module": "module.static_site.module.static_website_bucket",
      "mode": "managed",
      "type": "aws_s3_bucket_request_payment_configuration",
      "name": "this",
      "provider": "provider[\"registry.terraform.io/hashicorp/aws\"]",
      "instances": [
        {
          "index_key": 0,
          "schema_version": 0,
          "attributes": {
            "bucket": "jsuarezb.tpfinal.g1.cloud.itba.edu.ar",
            "expected_bucket_owner": "",
            "id": "jsuarezb.tpfinal.g1.cloud.itba.edu.ar",
            "payer": "BucketOwner"
          },
          "sensitive_attributes": [],
          "private": "bnVsbA==",
          "dependencies": [
            "module.static_site.module.static_website_bucket.aws_s3_bucket.this"
          ]
        }
      ]
    },
    {
      "module": "module.static_site.module.static_website_bucket",
      "mode": "managed",
      "type": "aws_s3_bucket_server_side_encryption_configuration",
      "name": "this",
      "provider": "provider[\"registry.terraform.io/hashicorp/aws\"]",
      "instances": [
        {
          "index_key": 0,
          "schema_version": 0,
          "attributes": {
            "bucket": "jsuarezb.tpfinal.g1.cloud.itba.edu.ar",
            "expected_bucket_owner": "",
            "id": "jsuarezb.tpfinal.g1.cloud.itba.edu.ar",
            "rule": [
              {
                "apply_server_side_encryption_by_default": [
                  {
                    "kms_master_key_id": "",
                    "sse_algorithm": "AES256"
                  }
                ],
                "bucket_key_enabled": false
              }
            ]
          },
          "sensitive_attributes": [],
          "private": "bnVsbA==",
          "dependencies": [
            "module.static_site.module.static_website_bucket.aws_s3_bucket.this"
          ]
        }
      ]
    },
    {
      "module": "module.static_site.module.static_website_bucket",
      "mode": "managed",
      "type": "aws_s3_bucket_versioning",
      "name": "this",
      "provider": "provider[\"registry.terraform.io/hashicorp/aws\"]",
      "instances": [
        {
          "index_key": 0,
          "schema_version": 0,
          "attributes": {
            "bucket": "jsuarezb.tpfinal.g1.cloud.itba.edu.ar",
            "expected_bucket_owner": "",
            "id": "jsuarezb.tpfinal.g1.cloud.itba.edu.ar",
            "mfa": null,
            "versioning_configuration": [
              {
                "mfa_delete": "Disabled",
                "status": "Enabled"
              }
            ]
          },
          "sensitive_attributes": [],
          "private": "bnVsbA==",
          "dependencies": [
            "module.static_site.module.static_website_bucket.aws_s3_bucket.this"
          ]
        }
      ]
    },
    {
      "module": "module.static_site.module.static_website_bucket",
      "mode": "managed",
      "type": "aws_s3_bucket_website_configuration",
      "name": "this",
      "provider": "provider[\"registry.terraform.io/hashicorp/aws\"]",
      "instances": [
        {
          "index_key": 0,
          "schema_version": 0,
          "attributes": {
            "bucket": "jsuarezb.tpfinal.g1.cloud.itba.edu.ar",
            "error_document": [
              {
                "key": "index.html"
              }
            ],
            "expected_bucket_owner": "",
            "id": "jsuarezb.tpfinal.g1.cloud.itba.edu.ar",
            "index_document": [
              {
                "suffix": "index.html"
              }
            ],
            "redirect_all_requests_to": [],
            "routing_rule": [],
            "routing_rules": "",
            "website_domain": "s3-website-us-east-1.amazonaws.com",
            "website_endpoint": "jsuarezb.tpfinal.g1.cloud.itba.edu.ar.s3-website-us-east-1.amazonaws.com"
          },
          "sensitive_attributes": [],
          "private": "bnVsbA==",
          "dependencies": [
            "module.static_site.module.static_website_bucket.aws_s3_bucket.this"
          ]
        }
      ]
    },
    {
      "module": "module.vpc",
      "mode": "managed",
      "type": "aws_route_table",
      "name": "private",
      "provider": "provider[\"registry.terraform.io/hashicorp/aws\"]",
      "instances": [
        {
          "index_key": 0,
          "schema_version": 0,
          "attributes": {
            "arn": "arn:aws:ec2:us-east-1:139927629559:route-table/rtb-0fb30896d1a4531af",
            "id": "rtb-0fb30896d1a4531af",
            "owner_id": "139927629559",
            "propagating_vgws": [],
            "route": [],
            "tags": {
              "Name": "main-vpc-private-us-east-1a"
            },
            "tags_all": {
              "Name": "main-vpc-private-us-east-1a",
              "author": "Grupo 1",
              "created-by": "terraform",
              "subject": "Cloud Computing",
              "university": "ITBA",
              "version": "1"
            },
            "timeouts": null,
            "vpc_id": "vpc-078f0908c21e13054"
          },
          "sensitive_attributes": [],
          "private": "eyJlMmJmYjczMC1lY2FhLTExZTYtOGY4OC0zNDM2M2JjN2M0YzAiOnsiY3JlYXRlIjozMDAwMDAwMDAwMDAsImRlbGV0ZSI6MzAwMDAwMDAwMDAwLCJ1cGRhdGUiOjEyMDAwMDAwMDAwMH19",
          "dependencies": [
            "module.vpc.aws_vpc.this",
            "module.vpc.aws_vpc_ipv4_cidr_block_association.this"
          ]
        },
        {
          "index_key": 1,
          "schema_version": 0,
          "attributes": {
            "arn": "arn:aws:ec2:us-east-1:139927629559:route-table/rtb-091f178904728bc0e",
            "id": "rtb-091f178904728bc0e",
            "owner_id": "139927629559",
            "propagating_vgws": [],
            "route": [],
            "tags": {
              "Name": "main-vpc-private-us-east-1b"
            },
            "tags_all": {
              "Name": "main-vpc-private-us-east-1b",
              "author": "Grupo 1",
              "created-by": "terraform",
              "subject": "Cloud Computing",
              "university": "ITBA",
              "version": "1"
            },
            "timeouts": null,
            "vpc_id": "vpc-078f0908c21e13054"
          },
          "sensitive_attributes": [],
          "private": "eyJlMmJmYjczMC1lY2FhLTExZTYtOGY4OC0zNDM2M2JjN2M0YzAiOnsiY3JlYXRlIjozMDAwMDAwMDAwMDAsImRlbGV0ZSI6MzAwMDAwMDAwMDAwLCJ1cGRhdGUiOjEyMDAwMDAwMDAwMH19",
          "dependencies": [
            "module.vpc.aws_vpc.this",
            "module.vpc.aws_vpc_ipv4_cidr_block_association.this"
          ]
        }
      ]
    },
    {
      "module": "module.vpc",
      "mode": "managed",
      "type": "aws_route_table_association",
      "name": "private",
      "provider": "provider[\"registry.terraform.io/hashicorp/aws\"]",
      "instances": [
        {
          "index_key": 0,
          "schema_version": 0,
          "attributes": {
            "gateway_id": "",
            "id": "rtbassoc-05fcd3412581cc93a",
            "route_table_id": "rtb-0fb30896d1a4531af",
            "subnet_id": "subnet-0b78954da883085fb"
          },
          "sensitive_attributes": [],
          "private": "bnVsbA==",
          "dependencies": [
            "module.vpc.aws_route_table.private",
            "module.vpc.aws_subnet.private",
            "module.vpc.aws_vpc.this",
            "module.vpc.aws_vpc_ipv4_cidr_block_association.this"
          ]
        },
        {
          "index_key": 1,
          "schema_version": 0,
          "attributes": {
            "gateway_id": "",
            "id": "rtbassoc-01e5a5004a2703f6b",
            "route_table_id": "rtb-091f178904728bc0e",
            "subnet_id": "subnet-08aa7b3685d2c897a"
          },
          "sensitive_attributes": [],
          "private": "bnVsbA==",
          "dependencies": [
            "module.vpc.aws_route_table.private",
            "module.vpc.aws_subnet.private",
            "module.vpc.aws_vpc.this",
            "module.vpc.aws_vpc_ipv4_cidr_block_association.this"
          ]
        }
      ]
    },
    {
      "module": "module.vpc",
      "mode": "managed",
      "type": "aws_subnet",
      "name": "private",
      "provider": "provider[\"registry.terraform.io/hashicorp/aws\"]",
      "instances": [
        {
          "index_key": 0,
          "schema_version": 1,
          "attributes": {
            "arn": "arn:aws:ec2:us-east-1:139927629559:subnet/subnet-0b78954da883085fb",
            "assign_ipv6_address_on_creation": false,
            "availability_zone": "us-east-1a",
            "availability_zone_id": "use1-az1",
            "cidr_block": "10.0.2.0/24",
            "customer_owned_ipv4_pool": "",
            "enable_dns64": false,
            "enable_resource_name_dns_a_record_on_launch": false,
            "enable_resource_name_dns_aaaa_record_on_launch": false,
            "id": "subnet-0b78954da883085fb",
            "ipv6_cidr_block": "",
            "ipv6_cidr_block_association_id": "",
            "ipv6_native": false,
            "map_customer_owned_ip_on_launch": false,
            "map_public_ip_on_launch": false,
            "outpost_arn": "",
            "owner_id": "139927629559",
            "private_dns_hostname_type_on_launch": "ip-name",
            "tags": {
              "Name": "main-vpc-private-us-east-1a"
            },
            "tags_all": {
              "Name": "main-vpc-private-us-east-1a",
              "author": "Grupo 1",
              "created-by": "terraform",
              "subject": "Cloud Computing",
              "university": "ITBA",
              "version": "1"
            },
            "timeouts": null,
            "vpc_id": "vpc-078f0908c21e13054"
          },
          "sensitive_attributes": [],
          "private": "eyJlMmJmYjczMC1lY2FhLTExZTYtOGY4OC0zNDM2M2JjN2M0YzAiOnsiY3JlYXRlIjo2MDAwMDAwMDAwMDAsImRlbGV0ZSI6MTIwMDAwMDAwMDAwMH0sInNjaGVtYV92ZXJzaW9uIjoiMSJ9",
          "dependencies": [
            "module.vpc.aws_vpc.this",
            "module.vpc.aws_vpc_ipv4_cidr_block_association.this"
          ]
        },
        {
          "index_key": 1,
          "schema_version": 1,
          "attributes": {
            "arn": "arn:aws:ec2:us-east-1:139927629559:subnet/subnet-08aa7b3685d2c897a",
            "assign_ipv6_address_on_creation": false,
            "availability_zone": "us-east-1b",
            "availability_zone_id": "use1-az2",
            "cidr_block": "10.0.3.0/24",
            "customer_owned_ipv4_pool": "",
            "enable_dns64": false,
            "enable_resource_name_dns_a_record_on_launch": false,
            "enable_resource_name_dns_aaaa_record_on_launch": false,
            "id": "subnet-08aa7b3685d2c897a",
            "ipv6_cidr_block": "",
            "ipv6_cidr_block_association_id": "",
            "ipv6_native": false,
            "map_customer_owned_ip_on_launch": false,
            "map_public_ip_on_launch": false,
            "outpost_arn": "",
            "owner_id": "139927629559",
            "private_dns_hostname_type_on_launch": "ip-name",
            "tags": {
              "Name": "main-vpc-private-us-east-1b"
            },
            "tags_all": {
              "Name": "main-vpc-private-us-east-1b",
              "author": "Grupo 1",
              "created-by": "terraform",
              "subject": "Cloud Computing",
              "university": "ITBA",
              "version": "1"
            },
            "timeouts": null,
            "vpc_id": "vpc-078f0908c21e13054"
          },
          "sensitive_attributes": [],
          "private": "eyJlMmJmYjczMC1lY2FhLTExZTYtOGY4OC0zNDM2M2JjN2M0YzAiOnsiY3JlYXRlIjo2MDAwMDAwMDAwMDAsImRlbGV0ZSI6MTIwMDAwMDAwMDAwMH0sInNjaGVtYV92ZXJzaW9uIjoiMSJ9",
          "dependencies": [
            "module.vpc.aws_vpc.this",
            "module.vpc.aws_vpc_ipv4_cidr_block_association.this"
          ]
        }
      ]
    },
    {
      "module": "module.vpc",
      "mode": "managed",
      "type": "aws_vpc",
      "name": "this",
      "provider": "provider[\"registry.terraform.io/hashicorp/aws\"]",
      "instances": [
        {
          "index_key": 0,
          "schema_version": 1,
          "attributes": {
            "arn": "arn:aws:ec2:us-east-1:139927629559:vpc/vpc-078f0908c21e13054",
            "assign_generated_ipv6_cidr_block": false,
            "cidr_block": "10.0.0.0/16",
            "default_network_acl_id": "acl-0aba410497bab2213",
            "default_route_table_id": "rtb-040811233d1a2f1f8",
            "default_security_group_id": "sg-053789362322e21ca",
            "dhcp_options_id": "dopt-0b16710e1b559d0f7",
            "enable_classiclink": false,
            "enable_classiclink_dns_support": false,
            "enable_dns_hostnames": false,
            "enable_dns_support": true,
            "enable_network_address_usage_metrics": false,
            "id": "vpc-078f0908c21e13054",
            "instance_tenancy": "default",
            "ipv4_ipam_pool_id": null,
            "ipv4_netmask_length": null,
            "ipv6_association_id": "",
            "ipv6_cidr_block": "",
            "ipv6_cidr_block_network_border_group": "",
            "ipv6_ipam_pool_id": "",
            "ipv6_netmask_length": 0,
            "main_route_table_id": "rtb-040811233d1a2f1f8",
            "owner_id": "139927629559",
            "tags": {
              "Name": "main-vpc"
            },
            "tags_all": {
              "Name": "main-vpc",
              "author": "Grupo 1",
              "created-by": "terraform",
              "subject": "Cloud Computing",
              "university": "ITBA",
              "version": "1"
            }
          },
          "sensitive_attributes": [],
          "private": "eyJzY2hlbWFfdmVyc2lvbiI6IjEifQ=="
        }
      ]
    }
  ],
  "check_results": []
}
